// !$*UTF8*$!
{
	archiveVersion = 1;
	classes = {
	};
	objectVersion = 56;
	objects = {

/* Begin PBXBuildFile section */
		7454DED1D0716D630376EF4D /* Pods_MyPlaces.framework in Frameworks */ = {isa = PBXBuildFile; fileRef = 115B3FF536932A4D6F5D1B79 /* Pods_MyPlaces.framework */; };
		FC1F7B0B29D70A8000638122 /* PlaceModel.swift in Sources */ = {isa = PBXBuildFile; fileRef = FC1F7B0A29D70A8000638122 /* PlaceModel.swift */; };
		FC23B3D629DF0E75003BC1AF /* MapViewController.swift in Sources */ = {isa = PBXBuildFile; fileRef = FC23B3D529DF0E75003BC1AF /* MapViewController.swift */; };
		FC2DE40829D7738C006FF582 /* NewPlaceVC.swift in Sources */ = {isa = PBXBuildFile; fileRef = FC2DE40729D7738C006FF582 /* NewPlaceVC.swift */; };
		FC511C6729D9B60F0070F251 /* Realm in Frameworks */ = {isa = PBXBuildFile; productRef = FC511C6629D9B60F0070F251 /* Realm */; };
		FC511C6929D9B60F0070F251 /* RealmSwift in Frameworks */ = {isa = PBXBuildFile; productRef = FC511C6829D9B60F0070F251 /* RealmSwift */; };
		FC511C6D29D9EF630070F251 /* StorageManager.swift in Sources */ = {isa = PBXBuildFile; fileRef = FC511C6C29D9EF630070F251 /* StorageManager.swift */; };
		FC661DEA29E08DC1009A3952 /* MapManager.swift in Sources */ = {isa = PBXBuildFile; fileRef = FC661DE929E08DC1009A3952 /* MapManager.swift */; };
		FC6B560D29D5FF6100C6EE29 /* AppDelegate.swift in Sources */ = {isa = PBXBuildFile; fileRef = FC6B560C29D5FF6100C6EE29 /* AppDelegate.swift */; };
		FC6B560F29D5FF6100C6EE29 /* SceneDelegate.swift in Sources */ = {isa = PBXBuildFile; fileRef = FC6B560E29D5FF6100C6EE29 /* SceneDelegate.swift */; };
		FC6B561129D5FF6100C6EE29 /* ViewController.swift in Sources */ = {isa = PBXBuildFile; fileRef = FC6B561029D5FF6100C6EE29 /* ViewController.swift */; };
		FC6B561429D5FF6100C6EE29 /* Main.storyboard in Resources */ = {isa = PBXBuildFile; fileRef = FC6B561229D5FF6100C6EE29 /* Main.storyboard */; };
		FC6B561629D5FF6100C6EE29 /* Assets.xcassets in Resources */ = {isa = PBXBuildFile; fileRef = FC6B561529D5FF6100C6EE29 /* Assets.xcassets */; };
		FC6B561929D5FF6100C6EE29 /* LaunchScreen.storyboard in Resources */ = {isa = PBXBuildFile; fileRef = FC6B561729D5FF6100C6EE29 /* LaunchScreen.storyboard */; };
		FC6B562129D6ACDA00C6EE29 /* CustomTableViewCell.swift in Sources */ = {isa = PBXBuildFile; fileRef = FC6B562029D6ACDA00C6EE29 /* CustomTableViewCell.swift */; };
		FC7C479A29DC4E7700E468D5 /* RaitingControl.swift in Sources */ = {isa = PBXBuildFile; fileRef = FC7C479929DC4E7700E468D5 /* RaitingControl.swift */; };
/* End PBXBuildFile section */

/* Begin PBXFileReference section */
		115B3FF536932A4D6F5D1B79 /* Pods_MyPlaces.framework */ = {isa = PBXFileReference; explicitFileType = wrapper.framework; includeInIndex = 0; path = Pods_MyPlaces.framework; sourceTree = BUILT_PRODUCTS_DIR; };
		52B7EDD2E730AA5465EB6E26 /* Pods-MyPlaces.release.xcconfig */ = {isa = PBXFileReference; includeInIndex = 1; lastKnownFileType = text.xcconfig; name = "Pods-MyPlaces.release.xcconfig"; path = "Target Support Files/Pods-MyPlaces/Pods-MyPlaces.release.xcconfig"; sourceTree = "<group>"; };
		9D30A378D4FF58485B54A8F7 /* Pods-MyPlaces.debug.xcconfig */ = {isa = PBXFileReference; includeInIndex = 1; lastKnownFileType = text.xcconfig; name = "Pods-MyPlaces.debug.xcconfig"; path = "Target Support Files/Pods-MyPlaces/Pods-MyPlaces.debug.xcconfig"; sourceTree = "<group>"; };
		FC1F7B0A29D70A8000638122 /* PlaceModel.swift */ = {isa = PBXFileReference; lastKnownFileType = sourcecode.swift; path = PlaceModel.swift; sourceTree = "<group>"; };
		FC23B3D529DF0E75003BC1AF /* MapViewController.swift */ = {isa = PBXFileReference; lastKnownFileType = sourcecode.swift; path = MapViewController.swift; sourceTree = "<group>"; };
		FC2DE40729D7738C006FF582 /* NewPlaceVC.swift */ = {isa = PBXFileReference; lastKnownFileType = sourcecode.swift; path = NewPlaceVC.swift; sourceTree = "<group>"; };
		FC511C6C29D9EF630070F251 /* StorageManager.swift */ = {isa = PBXFileReference; lastKnownFileType = sourcecode.swift; path = StorageManager.swift; sourceTree = "<group>"; };
		FC661DE929E08DC1009A3952 /* MapManager.swift */ = {isa = PBXFileReference; lastKnownFileType = sourcecode.swift; path = MapManager.swift; sourceTree = "<group>"; };
		FC6B560929D5FF6100C6EE29 /* MyPlaces.app */ = {isa = PBXFileReference; explicitFileType = wrapper.application; includeInIndex = 0; path = MyPlaces.app; sourceTree = BUILT_PRODUCTS_DIR; };
		FC6B560C29D5FF6100C6EE29 /* AppDelegate.swift */ = {isa = PBXFileReference; lastKnownFileType = sourcecode.swift; path = AppDelegate.swift; sourceTree = "<group>"; };
		FC6B560E29D5FF6100C6EE29 /* SceneDelegate.swift */ = {isa = PBXFileReference; lastKnownFileType = sourcecode.swift; path = SceneDelegate.swift; sourceTree = "<group>"; };
		FC6B561029D5FF6100C6EE29 /* ViewController.swift */ = {isa = PBXFileReference; lastKnownFileType = sourcecode.swift; path = ViewController.swift; sourceTree = "<group>"; };
		FC6B561329D5FF6100C6EE29 /* Base */ = {isa = PBXFileReference; lastKnownFileType = file.storyboard; name = Base; path = Base.lproj/Main.storyboard; sourceTree = "<group>"; };
		FC6B561529D5FF6100C6EE29 /* Assets.xcassets */ = {isa = PBXFileReference; lastKnownFileType = folder.assetcatalog; path = Assets.xcassets; sourceTree = "<group>"; };
		FC6B561829D5FF6100C6EE29 /* Base */ = {isa = PBXFileReference; lastKnownFileType = file.storyboard; name = Base; path = Base.lproj/LaunchScreen.storyboard; sourceTree = "<group>"; };
		FC6B561A29D5FF6100C6EE29 /* Info.plist */ = {isa = PBXFileReference; lastKnownFileType = text.plist.xml; path = Info.plist; sourceTree = "<group>"; };
		FC6B562029D6ACDA00C6EE29 /* CustomTableViewCell.swift */ = {isa = PBXFileReference; lastKnownFileType = sourcecode.swift; path = CustomTableViewCell.swift; sourceTree = "<group>"; };
		FC7C479929DC4E7700E468D5 /* RaitingControl.swift */ = {isa = PBXFileReference; lastKnownFileType = sourcecode.swift; path = RaitingControl.swift; sourceTree = "<group>"; };
/* End PBXFileReference section */

/* Begin PBXFrameworksBuildPhase section */
		FC6B560629D5FF6100C6EE29 /* Frameworks */ = {
			isa = PBXFrameworksBuildPhase;
			buildActionMask = 2147483647;
			files = (
				FC511C6929D9B60F0070F251 /* RealmSwift in Frameworks */,
				FC511C6729D9B60F0070F251 /* Realm in Frameworks */,
				7454DED1D0716D630376EF4D /* Pods_MyPlaces.framework in Frameworks */,
			);
			runOnlyForDeploymentPostprocessing = 0;
		};
/* End PBXFrameworksBuildPhase section */

/* Begin PBXGroup section */
		085979DB3681A90BECABB8A2 /* Pods */ = {
			isa = PBXGroup;
			children = (
				9D30A378D4FF58485B54A8F7 /* Pods-MyPlaces.debug.xcconfig */,
				52B7EDD2E730AA5465EB6E26 /* Pods-MyPlaces.release.xcconfig */,
			);
			path = Pods;
			sourceTree = "<group>";
		};
		6BB48619E33EC1074A522CB7 /* Frameworks */ = {
			isa = PBXGroup;
			children = (
				115B3FF536932A4D6F5D1B79 /* Pods_MyPlaces.framework */,
			);
			name = Frameworks;
			sourceTree = "<group>";
		};
		FC2DE40929D77396006FF582 /* Controller */ = {
			isa = PBXGroup;
			children = (
				FC6B561029D5FF6100C6EE29 /* ViewController.swift */,
				FC2DE40729D7738C006FF582 /* NewPlaceVC.swift */,
				FC23B3D529DF0E75003BC1AF /* MapViewController.swift */,
			);
			path = Controller;
			sourceTree = "<group>";
		};
		FC2DE40A29D773B1006FF582 /* Model */ = {
			isa = PBXGroup;
			children = (
				FC1F7B0A29D70A8000638122 /* PlaceModel.swift */,
			);
			path = Model;
			sourceTree = "<group>";
		};
		FC2DE40B29D773C9006FF582 /* App */ = {
			isa = PBXGroup;
			children = (
				FC6B560C29D5FF6100C6EE29 /* AppDelegate.swift */,
				FC6B560E29D5FF6100C6EE29 /* SceneDelegate.swift */,
			);
			path = App;
			sourceTree = "<group>";
		};
		FC2DE40C29D773F6006FF582 /* View */ = {
			isa = PBXGroup;
			children = (
				FC6B562029D6ACDA00C6EE29 /* CustomTableViewCell.swift */,
				FC6B561229D5FF6100C6EE29 /* Main.storyboard */,
			);
			path = View;
			sourceTree = "<group>";
		};
		FC661DEB29E14001009A3952 /* Helpers */ = {
			isa = PBXGroup;
			children = (
				FC661DE929E08DC1009A3952 /* MapManager.swift */,
				FC511C6C29D9EF630070F251 /* StorageManager.swift */,
				FC7C479929DC4E7700E468D5 /* RaitingControl.swift */,
			);
			path = Helpers;
			sourceTree = "<group>";
		};
		FC6B560029D5FF6100C6EE29 = {
			isa = PBXGroup;
			children = (
				FC6B560B29D5FF6100C6EE29 /* MyPlaces */,
				FC6B560A29D5FF6100C6EE29 /* Products */,
				085979DB3681A90BECABB8A2 /* Pods */,
				6BB48619E33EC1074A522CB7 /* Frameworks */,
			);
			sourceTree = "<group>";
		};
		FC6B560A29D5FF6100C6EE29 /* Products */ = {
			isa = PBXGroup;
			children = (
				FC6B560929D5FF6100C6EE29 /* MyPlaces.app */,
			);
			name = Products;
			sourceTree = "<group>";
		};
		FC6B560B29D5FF6100C6EE29 /* MyPlaces */ = {
			isa = PBXGroup;
			children = (
				FC661DEB29E14001009A3952 /* Helpers */,
				FC2DE40B29D773C9006FF582 /* App */,
				FC2DE40929D77396006FF582 /* Controller */,
				FC2DE40A29D773B1006FF582 /* Model */,
				FC2DE40C29D773F6006FF582 /* View */,
				FC6B561529D5FF6100C6EE29 /* Assets.xcassets */,
				FC6B561729D5FF6100C6EE29 /* LaunchScreen.storyboard */,
				FC6B561A29D5FF6100C6EE29 /* Info.plist */,
			);
			path = MyPlaces;
			sourceTree = "<group>";
		};
/* End PBXGroup section */

/* Begin PBXNativeTarget section */
		FC6B560829D5FF6100C6EE29 /* MyPlaces */ = {
			isa = PBXNativeTarget;
			buildConfigurationList = FC6B561D29D5FF6100C6EE29 /* Build configuration list for PBXNativeTarget "MyPlaces" */;
			buildPhases = (
				3526BF00BA0FD3134BFC51FF /* [CP] Check Pods Manifest.lock */,
				FC6B560529D5FF6100C6EE29 /* Sources */,
				FC6B560629D5FF6100C6EE29 /* Frameworks */,
				FC6B560729D5FF6100C6EE29 /* Resources */,
				55FA4BF80AF28C10A75AB9BE /* [CP] Embed Pods Frameworks */,
			);
			buildRules = (
			);
			dependencies = (
			);
			name = MyPlaces;
			packageProductDependencies = (
				FC511C6629D9B60F0070F251 /* Realm */,
				FC511C6829D9B60F0070F251 /* RealmSwift */,
			);
			productName = MyPlaces;
			productReference = FC6B560929D5FF6100C6EE29 /* MyPlaces.app */;
			productType = "com.apple.product-type.application";
		};
/* End PBXNativeTarget section */

/* Begin PBXProject section */
		FC6B560129D5FF6100C6EE29 /* Project object */ = {
			isa = PBXProject;
			attributes = {
				BuildIndependentTargetsInParallel = 1;
				LastSwiftUpdateCheck = 1410;
				LastUpgradeCheck = 1410;
				TargetAttributes = {
					FC6B560829D5FF6100C6EE29 = {
						CreatedOnToolsVersion = 14.1;
					};
				};
			};
			buildConfigurationList = FC6B560429D5FF6100C6EE29 /* Build configuration list for PBXProject "MyPlaces" */;
			compatibilityVersion = "Xcode 14.0";
			developmentRegion = en;
			hasScannedForEncodings = 0;
			knownRegions = (
				en,
				Base,
			);
			mainGroup = FC6B560029D5FF6100C6EE29;
			packageReferences = (
				FC511C6529D9B60F0070F251 /* XCRemoteSwiftPackageReference "realm-swift" */,
			);
			productRefGroup = FC6B560A29D5FF6100C6EE29 /* Products */;
			projectDirPath = "";
			projectRoot = "";
			targets = (
				FC6B560829D5FF6100C6EE29 /* MyPlaces */,
			);
		};
/* End PBXProject section */

/* Begin PBXResourcesBuildPhase section */
		FC6B560729D5FF6100C6EE29 /* Resources */ = {
			isa = PBXResourcesBuildPhase;
			buildActionMask = 2147483647;
			files = (
				FC6B561929D5FF6100C6EE29 /* LaunchScreen.storyboard in Resources */,
				FC6B561629D5FF6100C6EE29 /* Assets.xcassets in Resources */,
				FC6B561429D5FF6100C6EE29 /* Main.storyboard in Resources */,
			);
			runOnlyForDeploymentPostprocessing = 0;
		};
/* End PBXResourcesBuildPhase section */

/* Begin PBXShellScriptBuildPhase section */
		3526BF00BA0FD3134BFC51FF /* [CP] Check Pods Manifest.lock */ = {
			isa = PBXShellScriptBuildPhase;
			buildActionMask = 2147483647;
			files = (
			);
			inputFileListPaths = (
			);
			inputPaths = (
				"${PODS_PODFILE_DIR_PATH}/Podfile.lock",
				"${PODS_ROOT}/Manifest.lock",
			);
			name = "[CP] Check Pods Manifest.lock";
			outputFileListPaths = (
			);
			outputPaths = (
				"$(DERIVED_FILE_DIR)/Pods-MyPlaces-checkManifestLockResult.txt",
			);
			runOnlyForDeploymentPostprocessing = 0;
			shellPath = /bin/sh;
			shellScript = "diff \"${PODS_PODFILE_DIR_PATH}/Podfile.lock\" \"${PODS_ROOT}/Manifest.lock\" > /dev/null\nif [ $? != 0 ] ; then\n    # print error to STDERR\n    echo \"error: The sandbox is not in sync with the Podfile.lock. Run 'pod install' or update your CocoaPods installation.\" >&2\n    exit 1\nfi\n# This output is used by Xcode 'outputs' to avoid re-running this script phase.\necho \"SUCCESS\" > \"${SCRIPT_OUTPUT_FILE_0}\"\n";
			showEnvVarsInLog = 0;
		};
		55FA4BF80AF28C10A75AB9BE /* [CP] Embed Pods Frameworks */ = {
			isa = PBXShellScriptBuildPhase;
			buildActionMask = 2147483647;
			files = (
			);
			inputFileListPaths = (
				"${PODS_ROOT}/Target Support Files/Pods-MyPlaces/Pods-MyPlaces-frameworks-${CONFIGURATION}-input-files.xcfilelist",
			);
			name = "[CP] Embed Pods Frameworks";
			outputFileListPaths = (
				"${PODS_ROOT}/Target Support Files/Pods-MyPlaces/Pods-MyPlaces-frameworks-${CONFIGURATION}-output-files.xcfilelist",
			);
			runOnlyForDeploymentPostprocessing = 0;
			shellPath = /bin/sh;
			shellScript = "\"${PODS_ROOT}/Target Support Files/Pods-MyPlaces/Pods-MyPlaces-frameworks.sh\"\n";
			showEnvVarsInLog = 0;
		};
/* End PBXShellScriptBuildPhase section */

/* Begin PBXSourcesBuildPhase section */
		FC6B560529D5FF6100C6EE29 /* Sources */ = {
			isa = PBXSourcesBuildPhase;
			buildActionMask = 2147483647;
			files = (
				FC6B561129D5FF6100C6EE29 /* ViewController.swift in Sources */,
				FC6B560D29D5FF6100C6EE29 /* AppDelegate.swift in Sources */,
				FC1F7B0B29D70A8000638122 /* PlaceModel.swift in Sources */,
				FC511C6D29D9EF630070F251 /* StorageManager.swift in Sources */,
				FC23B3D629DF0E75003BC1AF /* MapViewController.swift in Sources */,
				FC2DE40829D7738C006FF582 /* NewPlaceVC.swift in Sources */,
				FC661DEA29E08DC1009A3952 /* MapManager.swift in Sources */,
				FC6B562129D6ACDA00C6EE29 /* CustomTableViewCell.swift in Sources */,
				FC7C479A29DC4E7700E468D5 /* RaitingControl.swift in Sources */,
				FC6B560F29D5FF6100C6EE29 /* SceneDelegate.swift in Sources */,
			);
			runOnlyForDeploymentPostprocessing = 0;
		};
/* End PBXSourcesBuildPhase section */

/* Begin PBXVariantGroup section */
		FC6B561229D5FF6100C6EE29 /* Main.storyboard */ = {
			isa = PBXVariantGroup;
			children = (
				FC6B561329D5FF6100C6EE29 /* Base */,
			);
			name = Main.storyboard;
			sourceTree = "<group>";
		};
		FC6B561729D5FF6100C6EE29 /* LaunchScreen.storyboard */ = {
			isa = PBXVariantGroup;
			children = (
				FC6B561829D5FF6100C6EE29 /* Base */,
			);
			name = LaunchScreen.storyboard;
			sourceTree = "<group>";
		};
/* End PBXVariantGroup section */

/* Begin XCBuildConfiguration section */
		FC6B561B29D5FF6100C6EE29 /* Debug */ = {
			isa = XCBuildConfiguration;
			buildSettings = {
				ALWAYS_SEARCH_USER_PATHS = NO;
				CLANG_ANALYZER_NONNULL = YES;
				CLANG_ANALYZER_NUMBER_OBJECT_CONVERSION = YES_AGGRESSIVE;
				CLANG_CXX_LANGUAGE_STANDARD = "gnu++20";
				CLANG_ENABLE_MODULES = YES;
				CLANG_ENABLE_OBJC_ARC = YES;
				CLANG_ENABLE_OBJC_WEAK = YES;
				CLANG_WARN_BLOCK_CAPTURE_AUTORELEASING = YES;
				CLANG_WARN_BOOL_CONVERSION = YES;
				CLANG_WARN_COMMA = YES;
				CLANG_WARN_CONSTANT_CONVERSION = YES;
				CLANG_WARN_DEPRECATED_OBJC_IMPLEMENTATIONS = YES;
				CLANG_WARN_DIRECT_OBJC_ISA_USAGE = YES_ERROR;
				CLANG_WARN_DOCUMENTATION_COMMENTS = YES;
				CLANG_WARN_EMPTY_BODY = YES;
				CLANG_WARN_ENUM_CONVERSION = YES;
				CLANG_WARN_INFINITE_RECURSION = YES;
				CLANG_WARN_INT_CONVERSION = YES;
				CLANG_WARN_NON_LITERAL_NULL_CONVERSION = YES;
				CLANG_WARN_OBJC_IMPLICIT_RETAIN_SELF = YES;
				CLANG_WARN_OBJC_LITERAL_CONVERSION = YES;
				CLANG_WARN_OBJC_ROOT_CLASS = YES_ERROR;
				CLANG_WARN_QUOTED_INCLUDE_IN_FRAMEWORK_HEADER = YES;
				CLANG_WARN_RANGE_LOOP_ANALYSIS = YES;
				CLANG_WARN_STRICT_PROTOTYPES = YES;
				CLANG_WARN_SUSPICIOUS_MOVE = YES;
				CLANG_WARN_UNGUARDED_AVAILABILITY = YES_AGGRESSIVE;
				CLANG_WARN_UNREACHABLE_CODE = YES;
				CLANG_WARN__DUPLICATE_METHOD_MATCH = YES;
				COPY_PHASE_STRIP = NO;
				DEBUG_INFORMATION_FORMAT = dwarf;
				ENABLE_STRICT_OBJC_MSGSEND = YES;
				ENABLE_TESTABILITY = YES;
				GCC_C_LANGUAGE_STANDARD = gnu11;
				GCC_DYNAMIC_NO_PIC = NO;
				GCC_NO_COMMON_BLOCKS = YES;
				GCC_OPTIMIZATION_LEVEL = 0;
				GCC_PREPROCESSOR_DEFINITIONS = (
					"DEBUG=1",
					"$(inherited)",
				);
				GCC_WARN_64_TO_32_BIT_CONVERSION = YES;
				GCC_WARN_ABOUT_RETURN_TYPE = YES_ERROR;
				GCC_WARN_UNDECLARED_SELECTOR = YES;
				GCC_WARN_UNINITIALIZED_AUTOS = YES_AGGRESSIVE;
				GCC_WARN_UNUSED_FUNCTION = YES;
				GCC_WARN_UNUSED_VARIABLE = YES;
				IPHONEOS_DEPLOYMENT_TARGET = 14.0;
				MTL_ENABLE_DEBUG_INFO = INCLUDE_SOURCE;
				MTL_FAST_MATH = YES;
				ONLY_ACTIVE_ARCH = YES;
				SDKROOT = iphoneos;
				SWIFT_ACTIVE_COMPILATION_CONDITIONS = DEBUG;
				SWIFT_OPTIMIZATION_LEVEL = "-Onone";
			};
			name = Debug;
		};
		FC6B561C29D5FF6100C6EE29 /* Release */ = {
			isa = XCBuildConfiguration;
			buildSettings = {
				ALWAYS_SEARCH_USER_PATHS = NO;
				CLANG_ANALYZER_NONNULL = YES;
				CLANG_ANALYZER_NUMBER_OBJECT_CONVERSION = YES_AGGRESSIVE;
				CLANG_CXX_LANGUAGE_STANDARD = "gnu++20";
				CLANG_ENABLE_MODULES = YES;
				CLANG_ENABLE_OBJC_ARC = YES;
				CLANG_ENABLE_OBJC_WEAK = YES;
				CLANG_WARN_BLOCK_CAPTURE_AUTORELEASING = YES;
				CLANG_WARN_BOOL_CONVERSION = YES;
				CLANG_WARN_COMMA = YES;
				CLANG_WARN_CONSTANT_CONVERSION = YES;
				CLANG_WARN_DEPRECATED_OBJC_IMPLEMENTATIONS = YES;
				CLANG_WARN_DIRECT_OBJC_ISA_USAGE = YES_ERROR;
				CLANG_WARN_DOCUMENTATION_COMMENTS = YES;
				CLANG_WARN_EMPTY_BODY = YES;
				CLANG_WARN_ENUM_CONVERSION = YES;
				CLANG_WARN_INFINITE_RECURSION = YES;
				CLANG_WARN_INT_CONVERSION = YES;
				CLANG_WARN_NON_LITERAL_NULL_CONVERSION = YES;
				CLANG_WARN_OBJC_IMPLICIT_RETAIN_SELF = YES;
				CLANG_WARN_OBJC_LITERAL_CONVERSION = YES;
				CLANG_WARN_OBJC_ROOT_CLASS = YES_ERROR;
				CLANG_WARN_QUOTED_INCLUDE_IN_FRAMEWORK_HEADER = YES;
				CLANG_WARN_RANGE_LOOP_ANALYSIS = YES;
				CLANG_WARN_STRICT_PROTOTYPES = YES;
				CLANG_WARN_SUSPICIOUS_MOVE = YES;
				CLANG_WARN_UNGUARDED_AVAILABILITY = YES_AGGRESSIVE;
				CLANG_WARN_UNREACHABLE_CODE = YES;
				CLANG_WARN__DUPLICATE_METHOD_MATCH = YES;
				COPY_PHASE_STRIP = NO;
				DEBUG_INFORMATION_FORMAT = "dwarf-with-dsym";
				ENABLE_NS_ASSERTIONS = NO;
				ENABLE_STRICT_OBJC_MSGSEND = YES;
				GCC_C_LANGUAGE_STANDARD = gnu11;
				GCC_NO_COMMON_BLOCKS = YES;
				GCC_WARN_64_TO_32_BIT_CONVERSION = YES;
				GCC_WARN_ABOUT_RETURN_TYPE = YES_ERROR;
				GCC_WARN_UNDECLARED_SELECTOR = YES;
				GCC_WARN_UNINITIALIZED_AUTOS = YES_AGGRESSIVE;
				GCC_WARN_UNUSED_FUNCTION = YES;
				GCC_WARN_UNUSED_VARIABLE = YES;
				IPHONEOS_DEPLOYMENT_TARGET = 14.0;
				MTL_ENABLE_DEBUG_INFO = NO;
				MTL_FAST_MATH = YES;
				SDKROOT = iphoneos;
				SWIFT_COMPILATION_MODE = wholemodule;
				SWIFT_OPTIMIZATION_LEVEL = "-O";
				VALIDATE_PRODUCT = YES;
			};
			name = Release;
		};
		FC6B561E29D5FF6100C6EE29 /* Debug */ = {
			isa = XCBuildConfiguration;
			baseConfigurationReference = 9D30A378D4FF58485B54A8F7 /* Pods-MyPlaces.debug.xcconfig */;
			buildSettings = {
				ASSETCATALOG_COMPILER_APPICON_NAME = AppIcon;
				ASSETCATALOG_COMPILER_GLOBAL_ACCENT_COLOR_NAME = AccentColor;
				CODE_SIGN_STYLE = Automatic;
				CURRENT_PROJECT_VERSION = 1;
				DEVELOPMENT_TEAM = 527U829H6E;
				GENERATE_INFOPLIST_FILE = YES;
				INFOPLIST_FILE = MyPlaces/Info.plist;
				INFOPLIST_KEY_UIApplicationSupportsIndirectInputEvents = YES;
				INFOPLIST_KEY_UILaunchStoryboardName = LaunchScreen;
				INFOPLIST_KEY_UIMainStoryboardFile = Main;
				INFOPLIST_KEY_UISupportedInterfaceOrientations_iPad = "UIInterfaceOrientationPortrait UIInterfaceOrientationPortraitUpsideDown UIInterfaceOrientationLandscapeLeft UIInterfaceOrientationLandscapeRight";
				INFOPLIST_KEY_UISupportedInterfaceOrientations_iPhone = "UIInterfaceOrientationPortrait UIInterfaceOrientationLandscapeLeft UIInterfaceOrientationLandscapeRight";
				IPHONEOS_DEPLOYMENT_TARGET = 14.0;
				LD_RUNPATH_SEARCH_PATHS = (
					"$(inherited)",
					"@executable_path/Frameworks",
				);
				MARKETING_VERSION = 1.0;
				PRODUCT_BUNDLE_IDENTIFIER = AlexKolch.MyPlaces;
				PRODUCT_NAME = "$(TARGET_NAME)";
				SUPPORTED_PLATFORMS = "iphoneos iphonesimulator";
				SUPPORTS_MACCATALYST = NO;
				SUPPORTS_MAC_DESIGNED_FOR_IPHONE_IPAD = NO;
				SWIFT_EMIT_LOC_STRINGS = YES;
				SWIFT_VERSION = 5.0;
				TARGETED_DEVICE_FAMILY = 1;
			};
			name = Debug;
		};
		FC6B561F29D5FF6100C6EE29 /* Release */ = {
			isa = XCBuildConfiguration;
			baseConfigurationReference = 52B7EDD2E730AA5465EB6E26 /* Pods-MyPlaces.release.xcconfig */;
			buildSettings = {
				ASSETCATALOG_COMPILER_APPICON_NAME = AppIcon;
				ASSETCATALOG_COMPILER_GLOBAL_ACCENT_COLOR_NAME = AccentColor;
				CODE_SIGN_STYLE = Automatic;
				CURRENT_PROJECT_VERSION = 1;
				DEVELOPMENT_TEAM = 527U829H6E;
				GENERATE_INFOPLIST_FILE = YES;
				INFOPLIST_FILE = MyPlaces/Info.plist;
				INFOPLIST_KEY_UIApplicationSupportsIndirectInputEvents = YES;
				INFOPLIST_KEY_UILaunchStoryboardName = LaunchScreen;
				INFOPLIST_KEY_UIMainStoryboardFile = Main;
				INFOPLIST_KEY_UISupportedInterfaceOrientations_iPad = "UIInterfaceOrientationPortrait UIInterfaceOrientationPortraitUpsideDown UIInterfaceOrientationLandscapeLeft UIInterfaceOrientationLandscapeRight";
				INFOPLIST_KEY_UISupportedInterfaceOrientations_iPhone = "UIInterfaceOrientationPortrait UIInterfaceOrientationLandscapeLeft UIInterfaceOrientationLandscapeRight";
				IPHONEOS_DEPLOYMENT_TARGET = 14.0;
				LD_RUNPATH_SEARCH_PATHS = (
					"$(inherited)",
					"@executable_path/Frameworks",
				);
				MARKETING_VERSION = 1.0;
				PRODUCT_BUNDLE_IDENTIFIER = AlexKolch.MyPlaces;
				PRODUCT_NAME = "$(TARGET_NAME)";
				SUPPORTED_PLATFORMS = "iphoneos iphonesimulator";
				SUPPORTS_MACCATALYST = NO;
				SUPPORTS_MAC_DESIGNED_FOR_IPHONE_IPAD = NO;
				SWIFT_EMIT_LOC_STRINGS = YES;
				SWIFT_VERSION = 5.0;
				TARGETED_DEVICE_FAMILY = 1;
			};
			name = Release;
		};
/* End XCBuildConfiguration section */

/* Begin XCConfigurationList section */
		FC6B560429D5FF6100C6EE29 /* Build configuration list for PBXProject "MyPlaces" */ = {
			isa = XCConfigurationList;
			buildConfigurations = (
				FC6B561B29D5FF6100C6EE29 /* Debug */,
				FC6B561C29D5FF6100C6EE29 /* Release */,
			);
			defaultConfigurationIsVisible = 0;
			defaultConfigurationName = Release;
		};
		FC6B561D29D5FF6100C6EE29 /* Build configuration list for PBXNativeTarget "MyPlaces" */ = {
			isa = XCConfigurationList;
			buildConfigurations = (
				FC6B561E29D5FF6100C6EE29 /* Debug */,
				FC6B561F29D5FF6100C6EE29 /* Release */,
			);
			defaultConfigurationIsVisible = 0;
			defaultConfigurationName = Release;
		};
/* End XCConfigurationList section */

/* Begin XCRemoteSwiftPackageReference section */
		FC511C6529D9B60F0070F251 /* XCRemoteSwiftPackageReference "realm-swift" */ = {
			isa = XCRemoteSwiftPackageReference;
			repositoryURL = "https://github.com/realm/realm-swift.git";
			requirement = {
				kind = upToNextMajorVersion;
				minimumVersion = 10.38.0;
			};
		};
/* End XCRemoteSwiftPackageReference section */

/* Begin XCSwiftPackageProductDependency section */
		FC511C6629D9B60F0070F251 /* Realm */ = {
			isa = XCSwiftPackageProductDependency;
			package = FC511C6529D9B60F0070F251 /* XCRemoteSwiftPackageReference "realm-swift" */;
			productName = Realm;
		};
		FC511C6829D9B60F0070F251 /* RealmSwift */ = {
			isa = XCSwiftPackageProductDependency;
			package = FC511C6529D9B60F0070F251 /* XCRemoteSwiftPackageReference "realm-swift" */;
			productName = RealmSwift;
		};
/* End XCSwiftPackageProductDependency section */
	};
	rootObject = FC6B560129D5FF6100C6EE29 /* Project object */;
}
